// !$*UTF8*$!
{
	archiveVersion = 1;
	classes = {
	};
	objectVersion = 46;
	objects = {

/* Begin PBXBuildFile section */
		892D15691E0DFCF8003D13FC /* State.swift in Sources */ = {isa = PBXBuildFile; fileRef = 892D15681E0DFCF8003D13FC /* State.swift */; };
		89AA3BD71E0DFB4B00D0AA38 /* AppDelegate.swift in Sources */ = {isa = PBXBuildFile; fileRef = 89AA3BD61E0DFB4B00D0AA38 /* AppDelegate.swift */; };
		89AA3BD91E0DFB4B00D0AA38 /* ViewController.swift in Sources */ = {isa = PBXBuildFile; fileRef = 89AA3BD81E0DFB4B00D0AA38 /* ViewController.swift */; };
		89AA3BDC1E0DFB4B00D0AA38 /* Main.storyboard in Resources */ = {isa = PBXBuildFile; fileRef = 89AA3BDA1E0DFB4B00D0AA38 /* Main.storyboard */; };
		89AA3BDE1E0DFB4B00D0AA38 /* Assets.xcassets in Resources */ = {isa = PBXBuildFile; fileRef = 89AA3BDD1E0DFB4B00D0AA38 /* Assets.xcassets */; };
		89AA3BE11E0DFB4B00D0AA38 /* LaunchScreen.storyboard in Resources */ = {isa = PBXBuildFile; fileRef = 89AA3BDF1E0DFB4B00D0AA38 /* LaunchScreen.storyboard */; };
		C1AAADEB30AF58540A64376E /* Pods_LotsaBGDispatch.framework in Frameworks */ = {isa = PBXBuildFile; fileRef = 736F2A51A278A71D3F7C98F8 /* Pods_LotsaBGDispatch.framework */; };
/* End PBXBuildFile section */

/* Begin PBXFileReference section */
		37810EE34869E1E94E5C6C5B /* Pods-LotsaBGDispatch.release.xcconfig */ = {isa = PBXFileReference; includeInIndex = 1; lastKnownFileType = text.xcconfig; name = "Pods-LotsaBGDispatch.release.xcconfig"; path = "Pods/Target Support Files/Pods-LotsaBGDispatch/Pods-LotsaBGDispatch.release.xcconfig"; sourceTree = "<group>"; };
		736F2A51A278A71D3F7C98F8 /* Pods_LotsaBGDispatch.framework */ = {isa = PBXFileReference; explicitFileType = wrapper.framework; includeInIndex = 0; path = Pods_LotsaBGDispatch.framework; sourceTree = BUILT_PRODUCTS_DIR; };
		892D15681E0DFCF8003D13FC /* State.swift */ = {isa = PBXFileReference; fileEncoding = 4; lastKnownFileType = sourcecode.swift; path = State.swift; sourceTree = "<group>"; };
		89AA3BD31E0DFB4B00D0AA38 /* LotsaBGDispatch.app */ = {isa = PBXFileReference; explicitFileType = wrapper.application; includeInIndex = 0; path = LotsaBGDispatch.app; sourceTree = BUILT_PRODUCTS_DIR; };
		89AA3BD61E0DFB4B00D0AA38 /* AppDelegate.swift */ = {isa = PBXFileReference; lastKnownFileType = sourcecode.swift; path = AppDelegate.swift; sourceTree = "<group>"; };
		89AA3BD81E0DFB4B00D0AA38 /* ViewController.swift */ = {isa = PBXFileReference; lastKnownFileType = sourcecode.swift; path = ViewController.swift; sourceTree = "<group>"; };
		89AA3BDB1E0DFB4B00D0AA38 /* Base */ = {isa = PBXFileReference; lastKnownFileType = file.storyboard; name = Base; path = Base.lproj/Main.storyboard; sourceTree = "<group>"; };
		89AA3BDD1E0DFB4B00D0AA38 /* Assets.xcassets */ = {isa = PBXFileReference; lastKnownFileType = folder.assetcatalog; path = Assets.xcassets; sourceTree = "<group>"; };
		89AA3BE01E0DFB4B00D0AA38 /* Base */ = {isa = PBXFileReference; lastKnownFileType = file.storyboard; name = Base; path = Base.lproj/LaunchScreen.storyboard; sourceTree = "<group>"; };
		89AA3BE21E0DFB4B00D0AA38 /* Info.plist */ = {isa = PBXFileReference; lastKnownFileType = text.plist.xml; path = Info.plist; sourceTree = "<group>"; };
		C2B8FC076329E11C09A7C18B /* Pods-LotsaBGDispatch.debug.xcconfig */ = {isa = PBXFileReference; includeInIndex = 1; lastKnownFileType = text.xcconfig; name = "Pods-LotsaBGDispatch.debug.xcconfig"; path = "Pods/Target Support Files/Pods-LotsaBGDispatch/Pods-LotsaBGDispatch.debug.xcconfig"; sourceTree = "<group>"; };
/* End PBXFileReference section */

/* Begin PBXFrameworksBuildPhase section */
		89AA3BD01E0DFB4B00D0AA38 /* Frameworks */ = {
			isa = PBXFrameworksBuildPhase;
			buildActionMask = 2147483647;
			files = (
				C1AAADEB30AF58540A64376E /* Pods_LotsaBGDispatch.framework in Frameworks */,
			);
			runOnlyForDeploymentPostprocessing = 0;
		};
/* End PBXFrameworksBuildPhase section */

/* Begin PBXGroup section */
		4D68A808F6E4A4B04075A47B /* Frameworks */ = {
			isa = PBXGroup;
			children = (
				736F2A51A278A71D3F7C98F8 /* Pods_LotsaBGDispatch.framework */,
			);
			name = Frameworks;
			sourceTree = "<group>";
		};
		89AA3BCA1E0DFB4B00D0AA38 = {
			isa = PBXGroup;
			children = (
				89AA3BD51E0DFB4B00D0AA38 /* LotsaBGDispatch */,
				89AA3BD41E0DFB4B00D0AA38 /* Products */,
				9038E05E83EBB4164E3ACF04 /* Pods */,
				4D68A808F6E4A4B04075A47B /* Frameworks */,
			);
			sourceTree = "<group>";
		};
		89AA3BD41E0DFB4B00D0AA38 /* Products */ = {
			isa = PBXGroup;
			children = (
				89AA3BD31E0DFB4B00D0AA38 /* LotsaBGDispatch.app */,
			);
			name = Products;
			sourceTree = "<group>";
		};
		89AA3BD51E0DFB4B00D0AA38 /* LotsaBGDispatch */ = {
			isa = PBXGroup;
			children = (
				89AA3BD61E0DFB4B00D0AA38 /* AppDelegate.swift */,
				89AA3BD81E0DFB4B00D0AA38 /* ViewController.swift */,
				89AA3BDA1E0DFB4B00D0AA38 /* Main.storyboard */,
				892D15681E0DFCF8003D13FC /* State.swift */,
				89AA3BDD1E0DFB4B00D0AA38 /* Assets.xcassets */,
				89AA3BDF1E0DFB4B00D0AA38 /* LaunchScreen.storyboard */,
				89AA3BE21E0DFB4B00D0AA38 /* Info.plist */,
			);
			path = LotsaBGDispatch;
			sourceTree = "<group>";
		};
		9038E05E83EBB4164E3ACF04 /* Pods */ = {
			isa = PBXGroup;
			children = (
				C2B8FC076329E11C09A7C18B /* Pods-LotsaBGDispatch.debug.xcconfig */,
				37810EE34869E1E94E5C6C5B /* Pods-LotsaBGDispatch.release.xcconfig */,
			);
			name = Pods;
			sourceTree = "<group>";
		};
/* End PBXGroup section */

/* Begin PBXNativeTarget section */
		89AA3BD21E0DFB4B00D0AA38 /* LotsaBGDispatch */ = {
			isa = PBXNativeTarget;
			buildConfigurationList = 89AA3BE51E0DFB4B00D0AA38 /* Build configuration list for PBXNativeTarget "LotsaBGDispatch" */;
			buildPhases = (
				A863992ABB06CE95D46169CD /* [CP] Check Pods Manifest.lock */,
				89AA3BCF1E0DFB4B00D0AA38 /* Sources */,
				89AA3BD01E0DFB4B00D0AA38 /* Frameworks */,
				89AA3BD11E0DFB4B00D0AA38 /* Resources */,
				E3ABD0C373FA258F51E6D114 /* [CP] Embed Pods Frameworks */,
				4C91A6E234A937D62E356616 /* [CP] Copy Pods Resources */,
			);
			buildRules = (
			);
			dependencies = (
			);
			name = LotsaBGDispatch;
			productName = LotsaBGDispatch;
			productReference = 89AA3BD31E0DFB4B00D0AA38 /* LotsaBGDispatch.app */;
			productType = "com.apple.product-type.application";
		};
/* End PBXNativeTarget section */

/* Begin PBXProject section */
		89AA3BCB1E0DFB4B00D0AA38 /* Project object */ = {
			isa = PBXProject;
			attributes = {
				LastSwiftUpdateCheck = 0820;
				LastUpgradeCheck = 0820;
				ORGANIZATIONNAME = "Rowdy Labs";
				TargetAttributes = {
					89AA3BD21E0DFB4B00D0AA38 = {
						CreatedOnToolsVersion = 8.2.1;
						ProvisioningStyle = Automatic;
					};
				};
			};
			buildConfigurationList = 89AA3BCE1E0DFB4B00D0AA38 /* Build configuration list for PBXProject "LotsaBGDispatch" */;
			compatibilityVersion = "Xcode 3.2";
			developmentRegion = English;
			hasScannedForEncodings = 0;
			knownRegions = (
				en,
				Base,
			);
			mainGroup = 89AA3BCA1E0DFB4B00D0AA38;
			productRefGroup = 89AA3BD41E0DFB4B00D0AA38 /* Products */;
			projectDirPath = "";
			projectRoot = "";
			targets = (
				89AA3BD21E0DFB4B00D0AA38 /* LotsaBGDispatch */,
			);
		};
/* End PBXProject section */

/* Begin PBXResourcesBuildPhase section */
		89AA3BD11E0DFB4B00D0AA38 /* Resources */ = {
			isa = PBXResourcesBuildPhase;
			buildActionMask = 2147483647;
			files = (
				89AA3BE11E0DFB4B00D0AA38 /* LaunchScreen.storyboard in Resources */,
				89AA3BDE1E0DFB4B00D0AA38 /* Assets.xcassets in Resources */,
				89AA3BDC1E0DFB4B00D0AA38 /* Main.storyboard in Resources */,
			);
			runOnlyForDeploymentPostprocessing = 0;
		};
/* End PBXResourcesBuildPhase section */

/* Begin PBXShellScriptBuildPhase section */
		4C91A6E234A937D62E356616 /* [CP] Copy Pods Resources */ = {
			isa = PBXShellScriptBuildPhase;
			buildActionMask = 2147483647;
			files = (
			);
			inputPaths = (
			);
			name = "[CP] Copy Pods Resources";
			outputPaths = (
			);
			runOnlyForDeploymentPostprocessing = 0;
			shellPath = /bin/sh;
			shellScript = "\"${SRCROOT}/Pods/Target Support Files/Pods-LotsaBGDispatch/Pods-LotsaBGDispatch-resources.sh\"\n";
			showEnvVarsInLog = 0;
		};
		A863992ABB06CE95D46169CD /* [CP] Check Pods Manifest.lock */ = {
			isa = PBXShellScriptBuildPhase;
			buildActionMask = 2147483647;
			files = (
			);
			inputPaths = (
			);
			name = "[CP] Check Pods Manifest.lock";
			outputPaths = (
			);
			runOnlyForDeploymentPostprocessing = 0;
			shellPath = /bin/sh;
			shellScript = "diff \"${PODS_ROOT}/../Podfile.lock\" \"${PODS_ROOT}/Manifest.lock\" > /dev/null\nif [ $? != 0 ] ; then\n    # print error to STDERR\n    echo \"error: The sandbox is not in sync with the Podfile.lock. Run 'pod install' or update your CocoaPods installation.\" >&2\n    exit 1\nfi\n";
			showEnvVarsInLog = 0;
		};
		E3ABD0C373FA258F51E6D114 /* [CP] Embed Pods Frameworks */ = {
			isa = PBXShellScriptBuildPhase;
			buildActionMask = 2147483647;
			files = (
			);
			inputPaths = (
			);
			name = "[CP] Embed Pods Frameworks";
			outputPaths = (
			);
			runOnlyForDeploymentPostprocessing = 0;
			shellPath = /bin/sh;
			shellScript = "\"${SRCROOT}/Pods/Target Support Files/Pods-LotsaBGDispatch/Pods-LotsaBGDispatch-frameworks.sh\"\n";
			showEnvVarsInLog = 0;
		};
/* End PBXShellScriptBuildPhase section */

/* Begin PBXSourcesBuildPhase section */
		89AA3BCF1E0DFB4B00D0AA38 /* Sources */ = {
			isa = PBXSourcesBuildPhase;
			buildActionMask = 2147483647;
			files = (
				89AA3BD91E0DFB4B00D0AA38 /* ViewController.swift in Sources */,
				89AA3BD71E0DFB4B00D0AA38 /* AppDelegate.swift in Sources */,
				892D15691E0DFCF8003D13FC /* State.swift in Sources */,
			);
			runOnlyForDeploymentPostprocessing = 0;
		};
/* End PBXSourcesBuildPhase section */

/* Begin PBXVariantGroup section */
		89AA3BDA1E0DFB4B00D0AA38 /* Main.storyboard */ = {
			isa = PBXVariantGroup;
			children = (
				89AA3BDB1E0DFB4B00D0AA38 /* Base */,
			);
			name = Main.storyboard;
			sourceTree = "<group>";
		};
		89AA3BDF1E0DFB4B00D0AA38 /* LaunchScreen.storyboard */ = {
			isa = PBXVariantGroup;
			children = (
				89AA3BE01E0DFB4B00D0AA38 /* Base */,
			);
			name = LaunchScreen.storyboard;
			sourceTree = "<group>";
		};
/* End PBXVariantGroup section */

/* Begin XCBuildConfiguration section */
		89AA3BE31E0DFB4B00D0AA38 /* Debug */ = {
			isa = XCBuildConfiguration;
			buildSettings = {
				ALWAYS_SEARCH_USER_PATHS = NO;
				CLANG_ANALYZER_NONNULL = YES;
				CLANG_CXX_LANGUAGE_STANDARD = "gnu++0x";
				CLANG_CXX_LIBRARY = "libc++";
				CLANG_ENABLE_MODULES = YES;
				CLANG_ENABLE_OBJC_ARC = YES;
				CLANG_WARN_BOOL_CONVERSION = YES;
				CLANG_WARN_CONSTANT_CONVERSION = YES;
				CLANG_WARN_DIRECT_OBJC_ISA_USAGE = YES_ERROR;
				CLANG_WARN_DOCUMENTATION_COMMENTS = YES;
				CLANG_WARN_EMPTY_BODY = YES;
				CLANG_WARN_ENUM_CONVERSION = YES;
				CLANG_WARN_INFINITE_RECURSION = YES;
				CLANG_WARN_INT_CONVERSION = YES;
				CLANG_WARN_OBJC_ROOT_CLASS = YES_ERROR;
				CLANG_WARN_SUSPICIOUS_MOVE = YES;
				CLANG_WARN_UNREACHABLE_CODE = YES;
				CLANG_WARN__DUPLICATE_METHOD_MATCH = YES;
				"CODE_SIGN_IDENTITY[sdk=iphoneos*]" = "iPhone Developer";
				COPY_PHASE_STRIP = NO;
				DEBUG_INFORMATION_FORMAT = dwarf;
				ENABLE_STRICT_OBJC_MSGSEND = YES;
				ENABLE_TESTABILITY = YES;
				GCC_C_LANGUAGE_STANDARD = gnu99;
				GCC_DYNAMIC_NO_PIC = NO;
				GCC_NO_COMMON_BLOCKS = YES;
				GCC_OPTIMIZATION_LEVEL = 0;
				GCC_PREPROCESSOR_DEFINITIONS = (
					"DEBUG=1",
					"$(inherited)",
				);
				GCC_WARN_64_TO_32_BIT_CONVERSION = YES;
				GCC_WARN_ABOUT_RETURN_TYPE = YES_ERROR;
				GCC_WARN_UNDECLARED_SELECTOR = YES;
				GCC_WARN_UNINITIALIZED_AUTOS = YES_AGGRESSIVE;
				GCC_WARN_UNUSED_FUNCTION = YES;
				GCC_WARN_UNUSED_VARIABLE = YES;
				IPHONEOS_DEPLOYMENT_TARGET = 10.2;
				MTL_ENABLE_DEBUG_INFO = YES;
				ONLY_ACTIVE_ARCH = YES;
				SDKROOT = iphoneos;
				SWIFT_ACTIVE_COMPILATION_CONDITIONS = DEBUG;
				SWIFT_OPTIMIZATION_LEVEL = "-Onone";
				TARGETED_DEVICE_FAMILY = "1,2";
			};
			name = Debug;
		};
		89AA3BE41E0DFB4B00D0AA38 /* Release */ = {
			isa = XCBuildConfiguration;
			buildSettings = {
				ALWAYS_SEARCH_USER_PATHS = NO;
				CLANG_ANALYZER_NONNULL = YES;
				CLANG_CXX_LANGUAGE_STANDARD = "gnu++0x";
				CLANG_CXX_LIBRARY = "libc++";
				CLANG_ENABLE_MODULES = YES;
				CLANG_ENABLE_OBJC_ARC = YES;
				CLANG_WARN_BOOL_CONVERSION = YES;
				CLANG_WARN_CONSTANT_CONVERSION = YES;
				CLANG_WARN_DIRECT_OBJC_ISA_USAGE = YES_ERROR;
				CLANG_WARN_DOCUMENTATION_COMMENTS = YES;
				CLANG_WARN_EMPTY_BODY = YES;
				CLANG_WARN_ENUM_CONVERSION = YES;
				CLANG_WARN_INFINITE_RECURSION = YES;
				CLANG_WARN_INT_CONVERSION = YES;
				CLANG_WARN_OBJC_ROOT_CLASS = YES_ERROR;
				CLANG_WARN_SUSPICIOUS_MOVE = YES;
				CLANG_WARN_UNREACHABLE_CODE = YES;
				CLANG_WARN__DUPLICATE_METHOD_MATCH = YES;
				"CODE_SIGN_IDENTITY[sdk=iphoneos*]" = "iPhone Developer";
				COPY_PHASE_STRIP = NO;
				DEBUG_INFORMATION_FORMAT = "dwarf-with-dsym";
				ENABLE_NS_ASSERTIONS = NO;
				ENABLE_STRICT_OBJC_MSGSEND = YES;
				GCC_C_LANGUAGE_STANDARD = gnu99;
				GCC_NO_COMMON_BLOCKS = YES;
				GCC_WARN_64_TO_32_BIT_CONVERSION = YES;
				GCC_WARN_ABOUT_RETURN_TYPE = YES_ERROR;
				GCC_WARN_UNDECLARED_SELECTOR = YES;
				GCC_WARN_UNINITIALIZED_AUTOS = YES_AGGRESSIVE;
				GCC_WARN_UNUSED_FUNCTION = YES;
				GCC_WARN_UNUSED_VARIABLE = YES;
				IPHONEOS_DEPLOYMENT_TARGET = 10.2;
				MTL_ENABLE_DEBUG_INFO = NO;
				SDKROOT = iphoneos;
				SWIFT_OPTIMIZATION_LEVEL = "-Owholemodule";
				TARGETED_DEVICE_FAMILY = "1,2";
				VALIDATE_PRODUCT = YES;
			};
			name = Release;
		};
		89AA3BE61E0DFB4B00D0AA38 /* Debug */ = {
			isa = XCBuildConfiguration;
			baseConfigurationReference = C2B8FC076329E11C09A7C18B /* Pods-LotsaBGDispatch.debug.xcconfig */;
			buildSettings = {
				ASSETCATALOG_COMPILER_APPICON_NAME = AppIcon;
				DEVELOPMENT_TEAM = "";
				INFOPLIST_FILE = LotsaBGDispatch/Info.plist;
				LD_RUNPATH_SEARCH_PATHS = "$(inherited) @executable_path/Frameworks";
				PRODUCT_BUNDLE_IDENTIFIER = com.rowdylabs.LotsaBGDispatch;
				PRODUCT_NAME = "$(TARGET_NAME)";
				SWIFT_VERSION = 3.0;
			};
			name = Debug;
		};
		89AA3BE71E0DFB4B00D0AA38 /* Release */ = {
			isa = XCBuildConfiguration;
			baseConfigurationReference = 37810EE34869E1E94E5C6C5B /* Pods-LotsaBGDispatch.release.xcconfig */;
			buildSettings = {
				ASSETCATALOG_COMPILER_APPICON_NAME = AppIcon;
				DEVELOPMENT_TEAM = "";
				INFOPLIST_FILE = LotsaBGDispatch/Info.plist;
				LD_RUNPATH_SEARCH_PATHS = "$(inherited) @executable_path/Frameworks";
				PRODUCT_BUNDLE_IDENTIFIER = com.rowdylabs.LotsaBGDispatch;
				PRODUCT_NAME = "$(TARGET_NAME)";
				SWIFT_VERSION = 3.0;
			};
			name = Release;
		};
/* End XCBuildConfiguration section */

/* Begin XCConfigurationList section */
		89AA3BCE1E0DFB4B00D0AA38 /* Build configuration list for PBXProject "LotsaBGDispatch" */ = {
			isa = XCConfigurationList;
			buildConfigurations = (
				89AA3BE31E0DFB4B00D0AA38 /* Debug */,
				89AA3BE41E0DFB4B00D0AA38 /* Release */,
			);
			defaultConfigurationIsVisible = 0;
			defaultConfigurationName = Release;
		};
		89AA3BE51E0DFB4B00D0AA38 /* Build configuration list for PBXNativeTarget "LotsaBGDispatch" */ = {
			isa = XCConfigurationList;
			buildConfigurations = (
				89AA3BE61E0DFB4B00D0AA38 /* Debug */,
				89AA3BE71E0DFB4B00D0AA38 /* Release */,
			);
			defaultConfigurationIsVisible = 0;
			defaultConfigurationName = Release;
		};
/* End XCConfigurationList section */
	};
	rootObject = 89AA3BCB1E0DFB4B00D0AA38 /* Project object */;
}
